
Microsoft Visual Studio Solution File, Format Version 10.00
# Visual Studio 2008
Project("{8BC9CEB8-8B4A-11D0-8D11-00A0C91BC942}") = "Assign06_findBinTreeNodes", "Assign06_findBinTreeNodes\Assign06_findBinTreeNodes.vcproj", "{CBD1254C-B48E-4ECC-B073-BF0688B29A95}"
EndProject
Global
	GlobalSection(SolutionConfigurationPlatforms) = preSolution
		Debug|Win32 = Debug|Win32
		Release|Win32 = Release|Win32
	EndGlobalSection
	GlobalSection(ProjectConfigurationPlatforms) = postSolution
		{CBD1254C-B48E-4ECC-B073-BF0688B29A95}.Debug|Win32.ActiveCfg = Debug|Win32
		{CBD1254C-B48E-4ECC-B073-BF0688B29A95}.Debug|Win32.Build.0 = Debug|Win32
		{CBD1254C-B48E-4ECC-B073-BF0688B29A95}.Release|Win32.ActiveCfg = Release|Win32
		{CBD1254C-B48E-4ECC-B073-BF0688B29A95}.Release|Win32.Build.0 = Release|Win32
	EndGlobalSection
	GlobalSection(SolutionProperties) = preSolution
		HideSolutionNode = FALSE
	EndGlobalSection
EndGlobal
